// !$*UTF8*$!
{
	archiveVersion = 1;
	classes = {
	};
	objectVersion = 50;
	objects = {

/* Begin PBXBuildFile section */
		591B16A1261872F900E27313 /* Tests_iOS.swift in Sources */ = {isa = PBXBuildFile; fileRef = 591B16A0261872F900E27313 /* Tests_iOS.swift */; };
		591B16AC261872F900E27313 /* Tests_macOS.swift in Sources */ = {isa = PBXBuildFile; fileRef = 591B16AB261872F900E27313 /* Tests_macOS.swift */; };
		591B16AE261872F900E27313 /* TurnOffTheLightsApp.swift in Sources */ = {isa = PBXBuildFile; fileRef = 591B1685261872EC00E27313 /* TurnOffTheLightsApp.swift */; };
		591B16AF261872F900E27313 /* TurnOffTheLightsApp.swift in Sources */ = {isa = PBXBuildFile; fileRef = 591B1685261872EC00E27313 /* TurnOffTheLightsApp.swift */; };
		591B16B0261872F900E27313 /* ContentView.swift in Sources */ = {isa = PBXBuildFile; fileRef = 591B1686261872EC00E27313 /* ContentView.swift */; };
		591B16B1261872F900E27313 /* ContentView.swift in Sources */ = {isa = PBXBuildFile; fileRef = 591B1686261872EC00E27313 /* ContentView.swift */; };
		591B16B2261872F900E27313 /* Assets.xcassets in Resources */ = {isa = PBXBuildFile; fileRef = 591B1687261872F900E27313 /* Assets.xcassets */; };
		591B16B3261872F900E27313 /* Assets.xcassets in Resources */ = {isa = PBXBuildFile; fileRef = 591B1687261872F900E27313 /* Assets.xcassets */; };
/* End PBXBuildFile section */

/* Begin PBXContainerItemProxy section */
		591B169D261872F900E27313 /* PBXContainerItemProxy */ = {
			isa = PBXContainerItemProxy;
			containerPortal = 591B1680261872EC00E27313 /* Project object */;
			proxyType = 1;
			remoteGlobalIDString = 591B168B261872F900E27313;
			remoteInfo = "TurnOffTheLights (iOS)";
		};
		591B16A8261872F900E27313 /* PBXContainerItemProxy */ = {
			isa = PBXContainerItemProxy;
			containerPortal = 591B1680261872EC00E27313 /* Project object */;
			proxyType = 1;
			remoteGlobalIDString = 591B1693261872F900E27313;
			remoteInfo = "TurnOffTheLights (macOS)";
		};
/* End PBXContainerItemProxy section */

/* Begin PBXFileReference section */
		591B1685261872EC00E27313 /* TurnOffTheLightsApp.swift */ = {isa = PBXFileReference; lastKnownFileType = sourcecode.swift; path = TurnOffTheLightsApp.swift; sourceTree = "<group>"; };
		591B1686261872EC00E27313 /* ContentView.swift */ = {isa = PBXFileReference; lastKnownFileType = sourcecode.swift; path = ContentView.swift; sourceTree = "<group>"; };
		591B1687261872F900E27313 /* Assets.xcassets */ = {isa = PBXFileReference; lastKnownFileType = folder.assetcatalog; path = Assets.xcassets; sourceTree = "<group>"; };
		591B168C261872F900E27313 /* TurnOffTheLights.app */ = {isa = PBXFileReference; explicitFileType = wrapper.application; includeInIndex = 0; name = TurnOffTheLights.app; path = "/Users/arthursdays/Documents/Xcode/TurnOffTheLights/build/Debug-iphoneos/TurnOffTheLights.app"; sourceTree = "<absolute>"; };
		591B168F261872F900E27313 /* Info.plist */ = {isa = PBXFileReference; lastKnownFileType = text.plist.xml; path = Info.plist; sourceTree = "<group>"; };
		591B1694261872F900E27313 /* TurnOffTheLights.app */ = {isa = PBXFileReference; explicitFileType = wrapper.application; includeInIndex = 0; name = TurnOffTheLights.app; path = /Users/arthursdays/Documents/Xcode/TurnOffTheLights/build/Debug/TurnOffTheLights.app; sourceTree = "<absolute>"; };
		591B1696261872F900E27313 /* Info.plist */ = {isa = PBXFileReference; lastKnownFileType = text.plist.xml; path = Info.plist; sourceTree = "<group>"; };
		591B1697261872F900E27313 /* macOS.entitlements */ = {isa = PBXFileReference; lastKnownFileType = text.plist.entitlements; path = macOS.entitlements; sourceTree = "<group>"; };
		591B169C261872F900E27313 /* Tests iOS.xctest */ = {isa = PBXFileReference; explicitFileType = wrapper.cfbundle; includeInIndex = 0; name = "Tests iOS.xctest"; path = "/Users/arthursdays/Documents/Xcode/TurnOffTheLights/build/Debug-iphoneos/Tests iOS.xctest"; sourceTree = "<absolute>"; };
		591B16A0261872F900E27313 /* Tests_iOS.swift */ = {isa = PBXFileReference; lastKnownFileType = sourcecode.swift; path = Tests_iOS.swift; sourceTree = "<group>"; };
		591B16A2261872F900E27313 /* Info.plist */ = {isa = PBXFileReference; lastKnownFileType = text.plist.xml; path = Info.plist; sourceTree = "<group>"; };
		591B16A7261872F900E27313 /* Tests macOS.xctest */ = {isa = PBXFileReference; explicitFileType = wrapper.cfbundle; includeInIndex = 0; name = "Tests macOS.xctest"; path = "/Users/arthursdays/Documents/Xcode/TurnOffTheLights/build/Debug/Tests macOS.xctest"; sourceTree = "<absolute>"; };
		591B16AB261872F900E27313 /* Tests_macOS.swift */ = {isa = PBXFileReference; lastKnownFileType = sourcecode.swift; path = Tests_macOS.swift; sourceTree = "<group>"; };
		591B16AD261872F900E27313 /* Info.plist */ = {isa = PBXFileReference; lastKnownFileType = text.plist.xml; path = Info.plist; sourceTree = "<group>"; };
/* End PBXFileReference section */

/* Begin PBXFrameworksBuildPhase section */
		591B1689261872F900E27313 /* Frameworks */ = {
			isa = PBXFrameworksBuildPhase;
			buildActionMask = 2147483647;
			files = (
			);
			runOnlyForDeploymentPostprocessing = 0;
		};
		591B1691261872F900E27313 /* Frameworks */ = {
			isa = PBXFrameworksBuildPhase;
			buildActionMask = 2147483647;
			files = (
			);
			runOnlyForDeploymentPostprocessing = 0;
		};
		591B1699261872F900E27313 /* Frameworks */ = {
			isa = PBXFrameworksBuildPhase;
			buildActionMask = 2147483647;
			files = (
			);
			runOnlyForDeploymentPostprocessing = 0;
		};
		591B16A4261872F900E27313 /* Frameworks */ = {
			isa = PBXFrameworksBuildPhase;
			buildActionMask = 2147483647;
			files = (
			);
			runOnlyForDeploymentPostprocessing = 0;
		};
/* End PBXFrameworksBuildPhase section */

/* Begin PBXGroup section */
		591B167F261872EC00E27313 = {
			isa = PBXGroup;
			children = (
				591B1684261872EC00E27313 /* Shared */,
				591B168E261872F900E27313 /* iOS */,
				591B1695261872F900E27313 /* macOS */,
				591B169F261872F900E27313 /* Tests iOS */,
				591B16AA261872F900E27313 /* Tests macOS */,
			);
			sourceTree = "<group>";
		};
		591B1684261872EC00E27313 /* Shared */ = {
			isa = PBXGroup;
			children = (
				591B1685261872EC00E27313 /* TurnOffTheLightsApp.swift */,
				591B1686261872EC00E27313 /* ContentView.swift */,
				591B1687261872F900E27313 /* Assets.xcassets */,
			);
			path = Shared;
			sourceTree = "<group>";
		};
		591B168E261872F900E27313 /* iOS */ = {
			isa = PBXGroup;
			children = (
				591B168F261872F900E27313 /* Info.plist */,
			);
			path = iOS;
			sourceTree = "<group>";
		};
		591B1695261872F900E27313 /* macOS */ = {
			isa = PBXGroup;
			children = (
				591B1696261872F900E27313 /* Info.plist */,
				591B1697261872F900E27313 /* macOS.entitlements */,
			);
			path = macOS;
			sourceTree = "<group>";
		};
		591B169F261872F900E27313 /* Tests iOS */ = {
			isa = PBXGroup;
			children = (
				591B16A0261872F900E27313 /* Tests_iOS.swift */,
				591B16A2261872F900E27313 /* Info.plist */,
			);
			path = "Tests iOS";
			sourceTree = "<group>";
		};
		591B16AA261872F900E27313 /* Tests macOS */ = {
			isa = PBXGroup;
			children = (
				591B16AB261872F900E27313 /* Tests_macOS.swift */,
				591B16AD261872F900E27313 /* Info.plist */,
			);
			path = "Tests macOS";
			sourceTree = "<group>";
		};
/* End PBXGroup section */

/* Begin PBXNativeTarget section */
		591B168B261872F900E27313 /* TurnOffTheLights (iOS) */ = {
			isa = PBXNativeTarget;
			buildConfigurationList = 591B16B6261872F900E27313 /* Build configuration list for PBXNativeTarget "TurnOffTheLights (iOS)" */;
			buildPhases = (
				591B1688261872F900E27313 /* Sources */,
				591B1689261872F900E27313 /* Frameworks */,
				591B168A261872F900E27313 /* Resources */,
			);
			buildRules = (
			);
			dependencies = (
			);
			name = "TurnOffTheLights (iOS)";
			productName = "TurnOffTheLights (iOS)";
			productReference = 591B168C261872F900E27313 /* TurnOffTheLights.app */;
			productType = "com.apple.product-type.application";
		};
		591B1693261872F900E27313 /* TurnOffTheLights (macOS) */ = {
			isa = PBXNativeTarget;
			buildConfigurationList = 591B16B9261872F900E27313 /* Build configuration list for PBXNativeTarget "TurnOffTheLights (macOS)" */;
			buildPhases = (
				591B1690261872F900E27313 /* Sources */,
				591B1691261872F900E27313 /* Frameworks */,
				591B1692261872F900E27313 /* Resources */,
			);
			buildRules = (
			);
			dependencies = (
			);
			name = "TurnOffTheLights (macOS)";
			productName = "TurnOffTheLights (macOS)";
			productReference = 591B1694261872F900E27313 /* TurnOffTheLights.app */;
			productType = "com.apple.product-type.application";
		};
		591B169B261872F900E27313 /* Tests iOS */ = {
			isa = PBXNativeTarget;
			buildConfigurationList = 591B16BC261872F900E27313 /* Build configuration list for PBXNativeTarget "Tests iOS" */;
			buildPhases = (
				591B1698261872F900E27313 /* Sources */,
				591B1699261872F900E27313 /* Frameworks */,
				591B169A261872F900E27313 /* Resources */,
			);
			buildRules = (
			);
			dependencies = (
				591B169E261872F900E27313 /* PBXTargetDependency */,
			);
			name = "Tests iOS";
			productName = "Tests iOS";
			productReference = 591B169C261872F900E27313 /* Tests iOS.xctest */;
			productType = "com.apple.product-type.bundle.ui-testing";
		};
		591B16A6261872F900E27313 /* Tests macOS */ = {
			isa = PBXNativeTarget;
			buildConfigurationList = 591B16BF261872F900E27313 /* Build configuration list for PBXNativeTarget "Tests macOS" */;
			buildPhases = (
				591B16A3261872F900E27313 /* Sources */,
				591B16A4261872F900E27313 /* Frameworks */,
				591B16A5261872F900E27313 /* Resources */,
			);
			buildRules = (
			);
			dependencies = (
				591B16A9261872F900E27313 /* PBXTargetDependency */,
			);
			name = "Tests macOS";
			productName = "Tests macOS";
			productReference = 591B16A7261872F900E27313 /* Tests macOS.xctest */;
			productType = "com.apple.product-type.bundle.ui-testing";
		};
/* End PBXNativeTarget section */

/* Begin PBXProject section */
		591B1680261872EC00E27313 /* Project object */ = {
			isa = PBXProject;
			attributes = {
				LastSwiftUpdateCheck = 1240;
				LastUpgradeCheck = 1240;
				TargetAttributes = {
					591B168B261872F900E27313 = {
						CreatedOnToolsVersion = 12.4;
					};
					591B1693261872F900E27313 = {
						CreatedOnToolsVersion = 12.4;
					};
					591B169B261872F900E27313 = {
						CreatedOnToolsVersion = 12.4;
						TestTargetID = 591B168B261872F900E27313;
					};
					591B16A6261872F900E27313 = {
						CreatedOnToolsVersion = 12.4;
						TestTargetID = 591B1693261872F900E27313;
					};
				};
			};
			buildConfigurationList = 591B1683261872EC00E27313 /* Build configuration list for PBXProject "TurnOffTheLights" */;
			compatibilityVersion = "Xcode 9.3";
			developmentRegion = en;
			hasScannedForEncodings = 0;
			knownRegions = (
				en,
				Base,
			);
			mainGroup = 591B167F261872EC00E27313;
			productRefGroup = 591B167F261872EC00E27313;
			projectDirPath = "";
			projectRoot = "";
			targets = (
				591B168B261872F900E27313 /* TurnOffTheLights (iOS) */,
				591B1693261872F900E27313 /* TurnOffTheLights (macOS) */,
				591B169B261872F900E27313 /* Tests iOS */,
				591B16A6261872F900E27313 /* Tests macOS */,
			);
		};
/* End PBXProject section */

/* Begin PBXResourcesBuildPhase section */
		591B168A261872F900E27313 /* Resources */ = {
			isa = PBXResourcesBuildPhase;
			buildActionMask = 2147483647;
			files = (
				591B16B2261872F900E27313 /* Assets.xcassets in Resources */,
			);
			runOnlyForDeploymentPostprocessing = 0;
		};
		591B1692261872F900E27313 /* Resources */ = {
			isa = PBXResourcesBuildPhase;
			buildActionMask = 2147483647;
			files = (
				591B16B3261872F900E27313 /* Assets.xcassets in Resources */,
			);
			runOnlyForDeploymentPostprocessing = 0;
		};
		591B169A261872F900E27313 /* Resources */ = {
			isa = PBXResourcesBuildPhase;
			buildActionMask = 2147483647;
			files = (
			);
			runOnlyForDeploymentPostprocessing = 0;
		};
		591B16A5261872F900E27313 /* Resources */ = {
			isa = PBXResourcesBuildPhase;
			buildActionMask = 2147483647;
			files = (
			);
			runOnlyForDeploymentPostprocessing = 0;
		};
/* End PBXResourcesBuildPhase section */

/* Begin PBXSourcesBuildPhase section */
		591B1688261872F900E27313 /* Sources */ = {
			isa = PBXSourcesBuildPhase;
			buildActionMask = 2147483647;
			files = (
				591B16B0261872F900E27313 /* ContentView.swift in Sources */,
				591B16AE261872F900E27313 /* TurnOffTheLightsApp.swift in Sources */,
			);
			runOnlyForDeploymentPostprocessing = 0;
		};
		591B1690261872F900E27313 /* Sources */ = {
			isa = PBXSourcesBuildPhase;
			buildActionMask = 2147483647;
			files = (
				591B16B1261872F900E27313 /* ContentView.swift in Sources */,
				591B16AF261872F900E27313 /* TurnOffTheLightsApp.swift in Sources */,
			);
			runOnlyForDeploymentPostprocessing = 0;
		};
		591B1698261872F900E27313 /* Sources */ = {
			isa = PBXSourcesBuildPhase;
			buildActionMask = 2147483647;
			files = (
				591B16A1261872F900E27313 /* Tests_iOS.swift in Sources */,
			);
			runOnlyForDeploymentPostprocessing = 0;
		};
		591B16A3261872F900E27313 /* Sources */ = {
			isa = PBXSourcesBuildPhase;
			buildActionMask = 2147483647;
			files = (
				591B16AC261872F900E27313 /* Tests_macOS.swift in Sources */,
			);
			runOnlyForDeploymentPostprocessing = 0;
		};
/* End PBXSourcesBuildPhase section */

/* Begin PBXTargetDependency section */
		591B169E261872F900E27313 /* PBXTargetDependency */ = {
			isa = PBXTargetDependency;
			target = 591B168B261872F900E27313 /* TurnOffTheLights (iOS) */;
			targetProxy = 591B169D261872F900E27313 /* PBXContainerItemProxy */;
		};
		591B16A9261872F900E27313 /* PBXTargetDependency */ = {
			isa = PBXTargetDependency;
			target = 591B1693261872F900E27313 /* TurnOffTheLights (macOS) */;
			targetProxy = 591B16A8261872F900E27313 /* PBXContainerItemProxy */;
		};
/* End PBXTargetDependency section */

/* Begin XCBuildConfiguration section */
		591B16B4261872F900E27313 /* Debug */ = {
			isa = XCBuildConfiguration;
			buildSettings = {
				ALWAYS_SEARCH_USER_PATHS = NO;
				CLANG_ANALYZER_NONNULL = YES;
				CLANG_ANALYZER_NUMBER_OBJECT_CONVERSION = YES_AGGRESSIVE;
				CLANG_CXX_LANGUAGE_STANDARD = "gnu++14";
				CLANG_CXX_LIBRARY = "libc++";
				CLANG_ENABLE_MODULES = YES;
				CLANG_ENABLE_OBJC_ARC = YES;
				CLANG_ENABLE_OBJC_WEAK = YES;
				CLANG_WARN_BLOCK_CAPTURE_AUTORELEASING = YES;
				CLANG_WARN_BOOL_CONVERSION = YES;
				CLANG_WARN_COMMA = YES;
				CLANG_WARN_CONSTANT_CONVERSION = YES;
				CLANG_WARN_DEPRECATED_OBJC_IMPLEMENTATIONS = YES;
				CLANG_WARN_DIRECT_OBJC_ISA_USAGE = YES_ERROR;
				CLANG_WARN_DOCUMENTATION_COMMENTS = YES;
				CLANG_WARN_EMPTY_BODY = YES;
				CLANG_WARN_ENUM_CONVERSION = YES;
				CLANG_WARN_INFINITE_RECURSION = YES;
				CLANG_WARN_INT_CONVERSION = YES;
				CLANG_WARN_NON_LITERAL_NULL_CONVERSION = YES;
				CLANG_WARN_OBJC_IMPLICIT_RETAIN_SELF = YES;
				CLANG_WARN_OBJC_LITERAL_CONVERSION = YES;
				CLANG_WARN_OBJC_ROOT_CLASS = YES_ERROR;
				CLANG_WARN_QUOTED_INCLUDE_IN_FRAMEWORK_HEADER = YES;
				CLANG_WARN_RANGE_LOOP_ANALYSIS = YES;
				CLANG_WARN_STRICT_PROTOTYPES = YES;
				CLANG_WARN_SUSPICIOUS_MOVE = YES;
				CLANG_WARN_UNGUARDED_AVAILABILITY = YES_AGGRESSIVE;
				CLANG_WARN_UNREACHABLE_CODE = YES;
				CLANG_WARN__DUPLICATE_METHOD_MATCH = YES;
				COPY_PHASE_STRIP = NO;
				DEBUG_INFORMATION_FORMAT = dwarf;
				ENABLE_STRICT_OBJC_MSGSEND = YES;
				ENABLE_TESTABILITY = YES;
				GCC_C_LANGUAGE_STANDARD = gnu11;
				GCC_DYNAMIC_NO_PIC = NO;
				GCC_NO_COMMON_BLOCKS = YES;
				GCC_OPTIMIZATION_LEVEL = 0;
				GCC_PREPROCESSOR_DEFINITIONS = (
					"DEBUG=1",
					"$(inherited)",
				);
				GCC_WARN_64_TO_32_BIT_CONVERSION = YES;
				GCC_WARN_ABOUT_RETURN_TYPE = YES_ERROR;
				GCC_WARN_UNDECLARED_SELECTOR = YES;
				GCC_WARN_UNINITIALIZED_AUTOS = YES_AGGRESSIVE;
				GCC_WARN_UNUSED_FUNCTION = YES;
				GCC_WARN_UNUSED_VARIABLE = YES;
				MTL_ENABLE_DEBUG_INFO = INCLUDE_SOURCE;
				MTL_FAST_MATH = YES;
				ONLY_ACTIVE_ARCH = YES;
				SWIFT_ACTIVE_COMPILATION_CONDITIONS = DEBUG;
				SWIFT_OPTIMIZATION_LEVEL = "-Onone";
			};
			name = Debug;
		};
		591B16B5261872F900E27313 /* Release */ = {
			isa = XCBuildConfiguration;
			buildSettings = {
				ALWAYS_SEARCH_USER_PATHS = NO;
				CLANG_ANALYZER_NONNULL = YES;
				CLANG_ANALYZER_NUMBER_OBJECT_CONVERSION = YES_AGGRESSIVE;
				CLANG_CXX_LANGUAGE_STANDARD = "gnu++14";
				CLANG_CXX_LIBRARY = "libc++";
				CLANG_ENABLE_MODULES = YES;
				CLANG_ENABLE_OBJC_ARC = YES;
				CLANG_ENABLE_OBJC_WEAK = YES;
				CLANG_WARN_BLOCK_CAPTURE_AUTORELEASING = YES;
				CLANG_WARN_BOOL_CONVERSION = YES;
				CLANG_WARN_COMMA = YES;
				CLANG_WARN_CONSTANT_CONVERSION = YES;
				CLANG_WARN_DEPRECATED_OBJC_IMPLEMENTATIONS = YES;
				CLANG_WARN_DIRECT_OBJC_ISA_USAGE = YES_ERROR;
				CLANG_WARN_DOCUMENTATION_COMMENTS = YES;
				CLANG_WARN_EMPTY_BODY = YES;
				CLANG_WARN_ENUM_CONVERSION = YES;
				CLANG_WARN_INFINITE_RECURSION = YES;
				CLANG_WARN_INT_CONVERSION = YES;
				CLANG_WARN_NON_LITERAL_NULL_CONVERSION = YES;
				CLANG_WARN_OBJC_IMPLICIT_RETAIN_SELF = YES;
				CLANG_WARN_OBJC_LITERAL_CONVERSION = YES;
				CLANG_WARN_OBJC_ROOT_CLASS = YES_ERROR;
				CLANG_WARN_QUOTED_INCLUDE_IN_FRAMEWORK_HEADER = YES;
				CLANG_WARN_RANGE_LOOP_ANALYSIS = YES;
				CLANG_WARN_STRICT_PROTOTYPES = YES;
				CLANG_WARN_SUSPICIOUS_MOVE = YES;
				CLANG_WARN_UNGUARDED_AVAILABILITY = YES_AGGRESSIVE;
				CLANG_WARN_UNREACHABLE_CODE = YES;
				CLANG_WARN__DUPLICATE_METHOD_MATCH = YES;
				COPY_PHASE_STRIP = NO;
				DEBUG_INFORMATION_FORMAT = "dwarf-with-dsym";
				ENABLE_NS_ASSERTIONS = NO;
				ENABLE_STRICT_OBJC_MSGSEND = YES;
				GCC_C_LANGUAGE_STANDARD = gnu11;
				GCC_NO_COMMON_BLOCKS = YES;
				GCC_WARN_64_TO_32_BIT_CONVERSION = YES;
				GCC_WARN_ABOUT_RETURN_TYPE = YES_ERROR;
				GCC_WARN_UNDECLARED_SELECTOR = YES;
				GCC_WARN_UNINITIALIZED_AUTOS = YES_AGGRESSIVE;
				GCC_WARN_UNUSED_FUNCTION = YES;
				GCC_WARN_UNUSED_VARIABLE = YES;
				MTL_ENABLE_DEBUG_INFO = NO;
				MTL_FAST_MATH = YES;
				SWIFT_COMPILATION_MODE = wholemodule;
				SWIFT_OPTIMIZATION_LEVEL = "-O";
			};
			name = Release;
		};
		591B16B7261872F900E27313 /* Debug */ = {
			isa = XCBuildConfiguration;
			buildSettings = {
				ASSETCATALOG_COMPILER_APPICON_NAME = AppIcon;
				ASSETCATALOG_COMPILER_GLOBAL_ACCENT_COLOR_NAME = AccentColor;
				CODE_SIGN_STYLE = Automatic;
				DEVELOPMENT_TEAM = U7A49QPWUZ;
				ENABLE_PREVIEWS = YES;
				INFOPLIST_FILE = iOS/Info.plist;
				IPHONEOS_DEPLOYMENT_TARGET = 14.0;
				LD_RUNPATH_SEARCH_PATHS = (
					"$(inherited)",
					"@executable_path/Frameworks",
				);
				PRODUCT_BUNDLE_IDENTIFIER = shwang.TurnOffTheLights;
				PRODUCT_NAME = TurnOffTheLights;
				SDKROOT = iphoneos;
				SWIFT_VERSION = 5.0;
				TARGETED_DEVICE_FAMILY = "1,2";
			};
			name = Debug;
		};
		591B16B8261872F900E27313 /* Release */ = {
			isa = XCBuildConfiguration;
			buildSettings = {
				ASSETCATALOG_COMPILER_APPICON_NAME = AppIcon;
				ASSETCATALOG_COMPILER_GLOBAL_ACCENT_COLOR_NAME = AccentColor;
				CODE_SIGN_STYLE = Automatic;
				DEVELOPMENT_TEAM = U7A49QPWUZ;
				ENABLE_PREVIEWS = YES;
				INFOPLIST_FILE = iOS/Info.plist;
				IPHONEOS_DEPLOYMENT_TARGET = 14.0;
				LD_RUNPATH_SEARCH_PATHS = (
					"$(inherited)",
					"@executable_path/Frameworks",
				);
				PRODUCT_BUNDLE_IDENTIFIER = shwang.TurnOffTheLights;
				PRODUCT_NAME = TurnOffTheLights;
				SDKROOT = iphoneos;
				SWIFT_VERSION = 5.0;
				TARGETED_DEVICE_FAMILY = "1,2";
				VALIDATE_PRODUCT = YES;
			};
			name = Release;
		};
		591B16BA261872F900E27313 /* Debug */ = {
			isa = XCBuildConfiguration;
			buildSettings = {
				ASSETCATALOG_COMPILER_APPICON_NAME = AppIcon;
				ASSETCATALOG_COMPILER_GLOBAL_ACCENT_COLOR_NAME = AccentColor;
				CODE_SIGN_ENTITLEMENTS = macOS/macOS.entitlements;
				CODE_SIGN_STYLE = Automatic;
				COMBINE_HIDPI_IMAGES = YES;
				DEVELOPMENT_TEAM = U7A49QPWUZ;
				ENABLE_HARDENED_RUNTIME = YES;
				ENABLE_PREVIEWS = YES;
				INFOPLIST_FILE = macOS/Info.plist;
				LD_RUNPATH_SEARCH_PATHS = (
					"$(inherited)",
					"@executable_path/../Frameworks",
				);
				MACOSX_DEPLOYMENT_TARGET = 11.0;
				PRODUCT_BUNDLE_IDENTIFIER = shwang.TurnOffTheLights;
				PRODUCT_NAME = TurnOffTheLights;
				SDKROOT = macosx;
				SWIFT_VERSION = 5.0;
			};
			name = Debug;
		};
		591B16BB261872F900E27313 /* Release */ = {
			isa = XCBuildConfiguration;
			buildSettings = {
				ASSETCATALOG_COMPILER_APPICON_NAME = AppIcon;
				ASSETCATALOG_COMPILER_GLOBAL_ACCENT_COLOR_NAME = AccentColor;
				CODE_SIGN_ENTITLEMENTS = macOS/macOS.entitlements;
				CODE_SIGN_STYLE = Automatic;
				COMBINE_HIDPI_IMAGES = YES;
				DEVELOPMENT_TEAM = U7A49QPWUZ;
				ENABLE_HARDENED_RUNTIME = YES;
				ENABLE_PREVIEWS = YES;
				INFOPLIST_FILE = macOS/Info.plist;
				LD_RUNPATH_SEARCH_PATHS = (
					"$(inherited)",
					"@executable_path/../Frameworks",
				);
				MACOSX_DEPLOYMENT_TARGET = 11.0;
				PRODUCT_BUNDLE_IDENTIFIER = shwang.TurnOffTheLights;
				PRODUCT_NAME = TurnOffTheLights;
				SDKROOT = macosx;
				SWIFT_VERSION = 5.0;
			};
			name = Release;
		};
		591B16BD261872F900E27313 /* Debug */ = {
			isa = XCBuildConfiguration;
			buildSettings = {
				ALWAYS_EMBED_SWIFT_STANDARD_LIBRARIES = YES;
				CODE_SIGN_STYLE = Automatic;
				DEVELOPMENT_TEAM = U7A49QPWUZ;
				INFOPLIST_FILE = "Tests iOS/Info.plist";
				IPHONEOS_DEPLOYMENT_TARGET = 14.4;
				LD_RUNPATH_SEARCH_PATHS = (
					"$(inherited)",
					"@executable_path/Frameworks",
					"@loader_path/Frameworks",
				);
				PRODUCT_BUNDLE_IDENTIFIER = "shwang.Tests-iOS";
				PRODUCT_NAME = "$(TARGET_NAME)";
				SDKROOT = iphoneos;
				SWIFT_VERSION = 5.0;
				TARGETED_DEVICE_FAMILY = "1,2";
				TEST_TARGET_NAME = "TurnOffTheLights (iOS)";
			};
			name = Debug;
		};
		591B16BE261872F900E27313 /* Release */ = {
			isa = XCBuildConfiguration;
			buildSettings = {
				ALWAYS_EMBED_SWIFT_STANDARD_LIBRARIES = YES;
				CODE_SIGN_STYLE = Automatic;
				DEVELOPMENT_TEAM = U7A49QPWUZ;
				INFOPLIST_FILE = "Tests iOS/Info.plist";
				IPHONEOS_DEPLOYMENT_TARGET = 14.4;
				LD_RUNPATH_SEARCH_PATHS = (
					"$(inherited)",
					"@executable_path/Frameworks",
					"@loader_path/Frameworks",
				);
				PRODUCT_BUNDLE_IDENTIFIER = "shwang.Tests-iOS";
				PRODUCT_NAME = "$(TARGET_NAME)";
				SDKROOT = iphoneos;
				SWIFT_VERSION = 5.0;
				TARGETED_DEVICE_FAMILY = "1,2";
				TEST_TARGET_NAME = "TurnOffTheLights (iOS)";
				VALIDATE_PRODUCT = YES;
			};
			name = Release;
		};
		591B16C0261872F900E27313 /* Debug */ = {
			isa = XCBuildConfiguration;
			buildSettings = {
				ALWAYS_EMBED_SWIFT_STANDARD_LIBRARIES = YES;
				CODE_SIGN_STYLE = Automatic;
				COMBINE_HIDPI_IMAGES = YES;
				DEVELOPMENT_TEAM = U7A49QPWUZ;
				INFOPLIST_FILE = "Tests macOS/Info.plist";
				LD_RUNPATH_SEARCH_PATHS = (
					"$(inherited)",
					"@executable_path/../Frameworks",
					"@loader_path/../Frameworks",
				);
				MACOSX_DEPLOYMENT_TARGET = 11.1;
				PRODUCT_BUNDLE_IDENTIFIER = "shwang.Tests-macOS";
				PRODUCT_NAME = "$(TARGET_NAME)";
				SDKROOT = macosx;
				SWIFT_VERSION = 5.0;
				TEST_TARGET_NAME = "TurnOffTheLights (macOS)";
			};
			name = Debug;
		};
		591B16C1261872F900E27313 /* Release */ = {
			isa = XCBuildConfiguration;
			buildSettings = {
				ALWAYS_EMBED_SWIFT_STANDARD_LIBRARIES = YES;
				CODE_SIGN_STYLE = Automatic;
				COMBINE_HIDPI_IMAGES = YES;
				DEVELOPMENT_TEAM = U7A49QPWUZ;
				INFOPLIST_FILE = "Tests macOS/Info.plist";
				LD_RUNPATH_SEARCH_PATHS = (
					"$(inherited)",
					"@executable_path/../Frameworks",
					"@loader_path/../Frameworks",
				);
				MACOSX_DEPLOYMENT_TARGET = 11.1;
				PRODUCT_BUNDLE_IDENTIFIER = "shwang.Tests-macOS";
				PRODUCT_NAME = "$(TARGET_NAME)";
				SDKROOT = macosx;
				SWIFT_VERSION = 5.0;
				TEST_TARGET_NAME = "TurnOffTheLights (macOS)";
			};
			name = Release;
		};
/* End XCBuildConfiguration section */

/* Begin XCConfigurationList section */
		591B1683261872EC00E27313 /* Build configuration list for PBXProject "TurnOffTheLights" */ = {
			isa = XCConfigurationList;
			buildConfigurations = (
				591B16B4261872F900E27313 /* Debug */,
				591B16B5261872F900E27313 /* Release */,
			);
			defaultConfigurationIsVisible = 0;
			defaultConfigurationName = Release;
		};
		591B16B6261872F900E27313 /* Build configuration list for PBXNativeTarget "TurnOffTheLights (iOS)" */ = {
			isa = XCConfigurationList;
			buildConfigurations = (
				591B16B7261872F900E27313 /* Debug */,
				591B16B8261872F900E27313 /* Release */,
			);
			defaultConfigurationIsVisible = 0;
			defaultConfigurationName = Release;
		};
		591B16B9261872F900E27313 /* Build configuration list for PBXNativeTarget "TurnOffTheLights (macOS)" */ = {
			isa = XCConfigurationList;
			buildConfigurations = (
				591B16BA261872F900E27313 /* Debug */,
				591B16BB261872F900E27313 /* Release */,
			);
			defaultConfigurationIsVisible = 0;
			defaultConfigurationName = Release;
		};
		591B16BC261872F900E27313 /* Build configuration list for PBXNativeTarget "Tests iOS" */ = {
			isa = XCConfigurationList;
			buildConfigurations = (
				591B16BD261872F900E27313 /* Debug */,
				591B16BE261872F900E27313 /* Release */,
			);
			defaultConfigurationIsVisible = 0;
			defaultConfigurationName = Release;
		};
		591B16BF261872F900E27313 /* Build configuration list for PBXNativeTarget "Tests macOS" */ = {
			isa = XCConfigurationList;
			buildConfigurations = (
				591B16C0261872F900E27313 /* Debug */,
				591B16C1261872F900E27313 /* Release */,
			);
			defaultConfigurationIsVisible = 0;
			defaultConfigurationName = Release;
		};
/* End XCConfigurationList section */
	};
	rootObject = 591B1680261872EC00E27313 /* Project object */;
}
